{
  "lockfileVersion": 1,
  "workspaces": {
    "": {
      "name": "hono-webapp-bun",
      "dependencies": {
        "hono": "^4.6.14",
      },
    },
  },
  "packages": {
    "hono": ["hono@4.9.2", "", {}, "sha512-UG2jXGS/gkLH42l/1uROnwXpkjvvxkl3kpopL3LBo27NuaDPI6xHNfuUSilIHcrBkPfl4y0z6y2ByI455TjNRw=="],
  }
}
